<?xml version="1.0" encoding="utf-8"?>
<Project ToolsVersion="4.0" xmlns="http://schemas.microsoft.com/developer/msbuild/2003">
  <ItemGroup>
    <Filter Include="资源文件">
      <UniqueIdentifier>{67DA6AB6-F800-4c08-8B7A-83BB121AAD01}</UniqueIdentifier>
      <Extensions>rc;ico;cur;bmp;dlg;rc2;rct;bin;rgs;gif;jpg;jpeg;jpe;resx;tiff;tif;png;wav;mfcribbon-ms</Extensions>
    </Filter>
    <Filter Include="Source Files">
      <UniqueIdentifier>{4FC737F1-C7A5-4376-A066-2A32D752A2FF}</UniqueIdentifier>
      <Extensions>cpp;c;cc;cxx;def;odl;idl;hpj;bat;asm;asmx</Extensions>
    </Filter>
    <Filter Include="Public Headers">
      <UniqueIdentifier>{93995380-89BD-4b04-88EB-625FBE52EBFB}</UniqueIdentifier>
      <Extensions>h;hh;hpp;hxx;hm;inl;inc;xsd</Extensions>
    </Filter>
  </ItemGroup>
  <ItemGroup>
    <ClInclude Include="..\..\include\siutility\globals.h">
      <Filter>Public Headers</Filter>
    </ClInclude>
    <ClInclude Include="..\..\include\siutility\PFileSiUtils.h">
      <Filter>Public Headers</Filter>
    </ClInclude>
    <ClInclude Include="..\..\include\siutility\PRecordHandler.h">
      <Filter>Public Headers</Filter>
    </ClInclude>
    <ClInclude Include="stdafx.h">
      <Filter>Source Files</Filter>
    </ClInclude>
    <ClInclude Include="..\..\include\siutility\FileSearch.h">
      <Filter>Public Headers</Filter>
    </ClInclude>
    <ClInclude Include="..\..\include\siutility\PDevicePath.h">
      <Filter>Public Headers</Filter>
    </ClInclude>
    <ClInclude Include="..\..\include\siutility\PFileHandler.h">
      <Filter>Public Headers</Filter>
    </ClInclude>
    <ClInclude Include="..\..\include\siutility\PDirHelper.h">
      <Filter>Public Headers</Filter>
    </ClInclude>
  </ItemGroup>
  <ItemGroup>
    <ClCompile Include="PFileSiUtils.cpp">
      <Filter>Source Files</Filter>
    </ClCompile>
    <ClCompile Include="stdafx.cpp">
      <Filter>Source Files</Filter>
    </ClCompile>
    <ClCompile Include="PRecordHandler.cpp">
      <Filter>Source Files</Filter>
    </ClCompile>
    <ClCompile Include="FileSearch.cpp">
      <Filter>Source Files</Filter>
    </ClCompile>
    <ClCompile Include="PDevicePath.cpp">
      <Filter>Source Files</Filter>
    </ClCompile>
    <ClCompile Include="PFileHandler.cpp">
      <Filter>Source Files</Filter>
    </ClCompile>
    <ClCompile Include="PDirHelper.cpp">
      <Filter>Source Files</Filter>
    </ClCompile>
  </ItemGroup>
</Project>