
Microsoft Visual Studio Solution File, Format Version 12.00
# Visual Studio 2013
VisualStudioVersion = 12.0.30723.0
MinimumVisualStudioVersion = 10.0.40219.1
Project("{8BC9CEB8-8B4A-11D0-8D11-00A0C91BC942}") = "SafeImager", "ui\SafeImager\SafeImager.vcxproj", "{A172F621-1B92-4BCC-A465-9DCE3FB38B23}"
	ProjectSection(ProjectDependencies) = postProject
		{1FD15191-1EC0-49D1-9942-04D943782738} = {1FD15191-1EC0-49D1-9942-04D943782738}
		{E33D96CA-3990-4D6E-B1CD-893CC23E1930} = {E33D96CA-3990-4D6E-B1CD-893CC23E1930}
		{2FE3A0D0-95D6-443E-A322-2C2418C1F3F7} = {2FE3A0D0-95D6-443E-A322-2C2418C1F3F7}
		{DDEF4BD2-99DB-45A7-8A4B-96AF6F7BA151} = {DDEF4BD2-99DB-45A7-8A4B-96AF6F7BA151}
	EndProjectSection
EndProject
Project("{8BC9CEB8-8B4A-11D0-8D11-00A0C91BC942}") = "assistant", "common\assistant\assistant.vcxproj", "{E33D96CA-3990-4D6E-B1CD-893CC23E1930}"
	ProjectSection(ProjectDependencies) = postProject
		{158D9840-2273-4232-8FE6-9DAEC820E28B} = {158D9840-2273-4232-8FE6-9DAEC820E28B}
		{8CF16046-EBA9-4475-9CB6-D45EE84A41E1} = {8CF16046-EBA9-4475-9CB6-D45EE84A41E1}
		{DC7DDA91-BC33-4A71-98B0-0BED40407D5F} = {DC7DDA91-BC33-4A71-98B0-0BED40407D5F}
		{929CD9B5-C5D0-4045-A600-BCB2F6F3B019} = {929CD9B5-C5D0-4045-A600-BCB2F6F3B019}
		{36BE29CE-93F7-490F-93D3-60EA6FD0A342} = {36BE29CE-93F7-490F-93D3-60EA6FD0A342}
	EndProjectSection
EndProject
Project("{8BC9CEB8-8B4A-11D0-8D11-00A0C91BC942}") = "FilesystemShell", "common\filesystemshell\FilesystemShell.vcxproj", "{929CD9B5-C5D0-4045-A600-BCB2F6F3B019}"
EndProject
Project("{2150E333-8FDC-42A3-9474-1A3956D46DE8}") = "application", "application", "{E818116E-CAAD-49B6-A88E-1455750A3FDB}"
EndProject
Project("{8BC9CEB8-8B4A-11D0-8D11-00A0C91BC942}") = "siutility", "common\siutility\siuitily.vcxproj", "{881CB752-B721-4B29-B419-1B57DAD6E9A4}"
	ProjectSection(ProjectDependencies) = postProject
		{929CD9B5-C5D0-4045-A600-BCB2F6F3B019} = {929CD9B5-C5D0-4045-A600-BCB2F6F3B019}
	EndProjectSection
EndProject
Project("{8BC9CEB8-8B4A-11D0-8D11-00A0C91BC942}") = "DeviceTask", "application\DeviceTask\DeviceTask.vcxproj", "{8CF16046-EBA9-4475-9CB6-D45EE84A41E1}"
	ProjectSection(ProjectDependencies) = postProject
		{881CB752-B721-4B29-B419-1B57DAD6E9A4} = {881CB752-B721-4B29-B419-1B57DAD6E9A4}
		{2FE3A0D0-95D6-443E-A322-2C2418C1F3F7} = {2FE3A0D0-95D6-443E-A322-2C2418C1F3F7}
	EndProjectSection
EndProject
Project("{8BC9CEB8-8B4A-11D0-8D11-00A0C91BC942}") = "sifile", "common\sifile\sifile.vcxproj", "{2FE3A0D0-95D6-443E-A322-2C2418C1F3F7}"
EndProject
Project("{8BC9CEB8-8B4A-11D0-8D11-00A0C91BC942}") = "WindowsAnalyzer", "application\WindowsAnalyzer\WindowsAnalyzer.vcxproj", "{158D9840-2273-4232-8FE6-9DAEC820E28B}"
	ProjectSection(ProjectDependencies) = postProject
		{881CB752-B721-4B29-B419-1B57DAD6E9A4} = {881CB752-B721-4B29-B419-1B57DAD6E9A4}
		{4025A85E-C6A0-4A4F-86EF-E8CA9F288455} = {4025A85E-C6A0-4A4F-86EF-E8CA9F288455}
		{C43105BF-2A74-47D2-B39F-06D1E6051CAF} = {C43105BF-2A74-47D2-B39F-06D1E6051CAF}
	EndProjectSection
EndProject
Project("{8BC9CEB8-8B4A-11D0-8D11-00A0C91BC942}") = "CommonAnalyzer", "application\CommonAnalyzer\CommonAnalyzer.vcxproj", "{C43105BF-2A74-47D2-B39F-06D1E6051CAF}"
EndProject
Project("{8BC9CEB8-8B4A-11D0-8D11-00A0C91BC942}") = "PasswordAnalyzer", "application\PasswordAnalyzer\PasswordAnalyzer.vcxproj", "{4025A85E-C6A0-4A4F-86EF-E8CA9F288455}"
	ProjectSection(ProjectDependencies) = postProject
		{881CB752-B721-4B29-B419-1B57DAD6E9A4} = {881CB752-B721-4B29-B419-1B57DAD6E9A4}
	EndProjectSection
EndProject
Project("{8BC9CEB8-8B4A-11D0-8D11-00A0C91BC942}") = "TemplateFile", "common\TemplateFile\TemplateFile.vcxproj", "{DDEF4BD2-99DB-45A7-8A4B-96AF6F7BA151}"
	ProjectSection(ProjectDependencies) = postProject
		{4F0CC828-26A2-4378-8F60-29945E898182} = {4F0CC828-26A2-4378-8F60-29945E898182}
		{881CB752-B721-4B29-B419-1B57DAD6E9A4} = {881CB752-B721-4B29-B419-1B57DAD6E9A4}
	EndProjectSection
EndProject
Project("{8BC9CEB8-8B4A-11D0-8D11-00A0C91BC942}") = "FileAnalyzer", "common\FileAnalyzer\FileAnalyzer.vcxproj", "{4F0CC828-26A2-4378-8F60-29945E898182}"
	ProjectSection(ProjectDependencies) = postProject
		{881CB752-B721-4B29-B419-1B57DAD6E9A4} = {881CB752-B721-4B29-B419-1B57DAD6E9A4}
	EndProjectSection
EndProject
Project("{8BC9CEB8-8B4A-11D0-8D11-00A0C91BC942}") = "report", "common\report\report.vcxproj", "{36BE29CE-93F7-490F-93D3-60EA6FD0A342}"
	ProjectSection(ProjectDependencies) = postProject
		{881CB752-B721-4B29-B419-1B57DAD6E9A4} = {881CB752-B721-4B29-B419-1B57DAD6E9A4}
		{929CD9B5-C5D0-4045-A600-BCB2F6F3B019} = {929CD9B5-C5D0-4045-A600-BCB2F6F3B019}
	EndProjectSection
EndProject
Project("{8BC9CEB8-8B4A-11D0-8D11-00A0C91BC942}") = "sinetwork", "common\sinetwork\sinetwork.vcxproj", "{1FD15191-1EC0-49D1-9942-04D943782738}"
EndProject
Project("{8BC9CEB8-8B4A-11D0-8D11-00A0C91BC942}") = "AnalyzerAssistant", "application\AnalyzerAssistant\AnalyzerAssistant.vcxproj", "{DC7DDA91-BC33-4A71-98B0-0BED40407D5F}"
	ProjectSection(ProjectDependencies) = postProject
		{158D9840-2273-4232-8FE6-9DAEC820E28B} = {158D9840-2273-4232-8FE6-9DAEC820E28B}
	EndProjectSection
EndProject
Global
	GlobalSection(SolutionConfigurationPlatforms) = preSolution
		Debug|Win32 = Debug|Win32
		Debug|x64 = Debug|x64
		Release|Win32 = Release|Win32
		Release|x64 = Release|x64
	EndGlobalSection
	GlobalSection(ProjectConfigurationPlatforms) = postSolution
		{A172F621-1B92-4BCC-A465-9DCE3FB38B23}.Debug|Win32.ActiveCfg = Debug|Win32
		{A172F621-1B92-4BCC-A465-9DCE3FB38B23}.Debug|Win32.Build.0 = Debug|Win32
		{A172F621-1B92-4BCC-A465-9DCE3FB38B23}.Debug|x64.ActiveCfg = Debug|Win32
		{A172F621-1B92-4BCC-A465-9DCE3FB38B23}.Release|Win32.ActiveCfg = Release|Win32
		{A172F621-1B92-4BCC-A465-9DCE3FB38B23}.Release|Win32.Build.0 = Release|Win32
		{A172F621-1B92-4BCC-A465-9DCE3FB38B23}.Release|x64.ActiveCfg = Release|Win32
		{E33D96CA-3990-4D6E-B1CD-893CC23E1930}.Debug|Win32.ActiveCfg = Debug|Win32
		{E33D96CA-3990-4D6E-B1CD-893CC23E1930}.Debug|Win32.Build.0 = Debug|Win32
		{E33D96CA-3990-4D6E-B1CD-893CC23E1930}.Debug|x64.ActiveCfg = Debug|Win32
		{E33D96CA-3990-4D6E-B1CD-893CC23E1930}.Release|Win32.ActiveCfg = Release|Win32
		{E33D96CA-3990-4D6E-B1CD-893CC23E1930}.Release|Win32.Build.0 = Release|Win32
		{E33D96CA-3990-4D6E-B1CD-893CC23E1930}.Release|x64.ActiveCfg = Release|Win32
		{929CD9B5-C5D0-4045-A600-BCB2F6F3B019}.Debug|Win32.ActiveCfg = Debug|Win32
		{929CD9B5-C5D0-4045-A600-BCB2F6F3B019}.Debug|Win32.Build.0 = Debug|Win32
		{929CD9B5-C5D0-4045-A600-BCB2F6F3B019}.Debug|x64.ActiveCfg = Debug|Win32
		{929CD9B5-C5D0-4045-A600-BCB2F6F3B019}.Release|Win32.ActiveCfg = Release|Win32
		{929CD9B5-C5D0-4045-A600-BCB2F6F3B019}.Release|Win32.Build.0 = Release|Win32
		{929CD9B5-C5D0-4045-A600-BCB2F6F3B019}.Release|x64.ActiveCfg = Release|Win32
		{881CB752-B721-4B29-B419-1B57DAD6E9A4}.Debug|Win32.ActiveCfg = Debug|Win32
		{881CB752-B721-4B29-B419-1B57DAD6E9A4}.Debug|Win32.Build.0 = Debug|Win32
		{881CB752-B721-4B29-B419-1B57DAD6E9A4}.Debug|x64.ActiveCfg = Debug|Win32
		{881CB752-B721-4B29-B419-1B57DAD6E9A4}.Release|Win32.ActiveCfg = Release|Win32
		{881CB752-B721-4B29-B419-1B57DAD6E9A4}.Release|Win32.Build.0 = Release|Win32
		{881CB752-B721-4B29-B419-1B57DAD6E9A4}.Release|x64.ActiveCfg = Release|Win32
		{8CF16046-EBA9-4475-9CB6-D45EE84A41E1}.Debug|Win32.ActiveCfg = Debug|Win32
		{8CF16046-EBA9-4475-9CB6-D45EE84A41E1}.Debug|Win32.Build.0 = Debug|Win32
		{8CF16046-EBA9-4475-9CB6-D45EE84A41E1}.Debug|x64.ActiveCfg = Debug|Win32
		{8CF16046-EBA9-4475-9CB6-D45EE84A41E1}.Release|Win32.ActiveCfg = Release|Win32
		{8CF16046-EBA9-4475-9CB6-D45EE84A41E1}.Release|Win32.Build.0 = Release|Win32
		{8CF16046-EBA9-4475-9CB6-D45EE84A41E1}.Release|x64.ActiveCfg = Release|Win32
		{2FE3A0D0-95D6-443E-A322-2C2418C1F3F7}.Debug|Win32.ActiveCfg = Debug|Win32
		{2FE3A0D0-95D6-443E-A322-2C2418C1F3F7}.Debug|Win32.Build.0 = Debug|Win32
		{2FE3A0D0-95D6-443E-A322-2C2418C1F3F7}.Debug|x64.ActiveCfg = Debug|x64
		{2FE3A0D0-95D6-443E-A322-2C2418C1F3F7}.Debug|x64.Build.0 = Debug|x64
		{2FE3A0D0-95D6-443E-A322-2C2418C1F3F7}.Release|Win32.ActiveCfg = Release|Win32
		{2FE3A0D0-95D6-443E-A322-2C2418C1F3F7}.Release|Win32.Build.0 = Release|Win32
		{2FE3A0D0-95D6-443E-A322-2C2418C1F3F7}.Release|x64.ActiveCfg = Release|x64
		{2FE3A0D0-95D6-443E-A322-2C2418C1F3F7}.Release|x64.Build.0 = Release|x64
		{158D9840-2273-4232-8FE6-9DAEC820E28B}.Debug|Win32.ActiveCfg = Debug|Win32
		{158D9840-2273-4232-8FE6-9DAEC820E28B}.Debug|Win32.Build.0 = Debug|Win32
		{158D9840-2273-4232-8FE6-9DAEC820E28B}.Debug|x64.ActiveCfg = Debug|Win32
		{158D9840-2273-4232-8FE6-9DAEC820E28B}.Release|Win32.ActiveCfg = Release|Win32
		{158D9840-2273-4232-8FE6-9DAEC820E28B}.Release|Win32.Build.0 = Release|Win32
		{158D9840-2273-4232-8FE6-9DAEC820E28B}.Release|x64.ActiveCfg = Release|Win32
		{C43105BF-2A74-47D2-B39F-06D1E6051CAF}.Debug|Win32.ActiveCfg = Debug|Win32
		{C43105BF-2A74-47D2-B39F-06D1E6051CAF}.Debug|Win32.Build.0 = Debug|Win32
		{C43105BF-2A74-47D2-B39F-06D1E6051CAF}.Debug|x64.ActiveCfg = Debug|Win32
		{C43105BF-2A74-47D2-B39F-06D1E6051CAF}.Release|Win32.ActiveCfg = Release|Win32
		{C43105BF-2A74-47D2-B39F-06D1E6051CAF}.Release|Win32.Build.0 = Release|Win32
		{C43105BF-2A74-47D2-B39F-06D1E6051CAF}.Release|x64.ActiveCfg = Release|Win32
		{4025A85E-C6A0-4A4F-86EF-E8CA9F288455}.Debug|Win32.ActiveCfg = Debug|Win32
		{4025A85E-C6A0-4A4F-86EF-E8CA9F288455}.Debug|Win32.Build.0 = Debug|Win32
		{4025A85E-C6A0-4A4F-86EF-E8CA9F288455}.Debug|x64.ActiveCfg = Debug|Win32
		{4025A85E-C6A0-4A4F-86EF-E8CA9F288455}.Release|Win32.ActiveCfg = Release|Win32
		{4025A85E-C6A0-4A4F-86EF-E8CA9F288455}.Release|Win32.Build.0 = Release|Win32
		{4025A85E-C6A0-4A4F-86EF-E8CA9F288455}.Release|x64.ActiveCfg = Release|Win32
		{DDEF4BD2-99DB-45A7-8A4B-96AF6F7BA151}.Debug|Win32.ActiveCfg = Debug|Win32
		{DDEF4BD2-99DB-45A7-8A4B-96AF6F7BA151}.Debug|Win32.Build.0 = Debug|Win32
		{DDEF4BD2-99DB-45A7-8A4B-96AF6F7BA151}.Debug|x64.ActiveCfg = Debug|x64
		{DDEF4BD2-99DB-45A7-8A4B-96AF6F7BA151}.Debug|x64.Build.0 = Debug|x64
		{DDEF4BD2-99DB-45A7-8A4B-96AF6F7BA151}.Release|Win32.ActiveCfg = Release|Win32
		{DDEF4BD2-99DB-45A7-8A4B-96AF6F7BA151}.Release|Win32.Build.0 = Release|Win32
		{DDEF4BD2-99DB-45A7-8A4B-96AF6F7BA151}.Release|x64.ActiveCfg = Release|x64
		{DDEF4BD2-99DB-45A7-8A4B-96AF6F7BA151}.Release|x64.Build.0 = Release|x64
		{4F0CC828-26A2-4378-8F60-29945E898182}.Debug|Win32.ActiveCfg = Debug|Win32
		{4F0CC828-26A2-4378-8F60-29945E898182}.Debug|Win32.Build.0 = Debug|Win32
		{4F0CC828-26A2-4378-8F60-29945E898182}.Debug|x64.ActiveCfg = Debug|x64
		{4F0CC828-26A2-4378-8F60-29945E898182}.Debug|x64.Build.0 = Debug|x64
		{4F0CC828-26A2-4378-8F60-29945E898182}.Release|Win32.ActiveCfg = Release|Win32
		{4F0CC828-26A2-4378-8F60-29945E898182}.Release|Win32.Build.0 = Release|Win32
		{4F0CC828-26A2-4378-8F60-29945E898182}.Release|x64.ActiveCfg = Release|x64
		{4F0CC828-26A2-4378-8F60-29945E898182}.Release|x64.Build.0 = Release|x64
		{36BE29CE-93F7-490F-93D3-60EA6FD0A342}.Debug|Win32.ActiveCfg = Debug|Win32
		{36BE29CE-93F7-490F-93D3-60EA6FD0A342}.Debug|Win32.Build.0 = Debug|Win32
		{36BE29CE-93F7-490F-93D3-60EA6FD0A342}.Debug|x64.ActiveCfg = Debug|Win32
		{36BE29CE-93F7-490F-93D3-60EA6FD0A342}.Release|Win32.ActiveCfg = Release|Win32
		{36BE29CE-93F7-490F-93D3-60EA6FD0A342}.Release|Win32.Build.0 = Release|Win32
		{36BE29CE-93F7-490F-93D3-60EA6FD0A342}.Release|x64.ActiveCfg = Release|Win32
		{1FD15191-1EC0-49D1-9942-04D943782738}.Debug|Win32.ActiveCfg = Debug|Win32
		{1FD15191-1EC0-49D1-9942-04D943782738}.Debug|Win32.Build.0 = Debug|Win32
		{1FD15191-1EC0-49D1-9942-04D943782738}.Debug|x64.ActiveCfg = Debug|Win32
		{1FD15191-1EC0-49D1-9942-04D943782738}.Release|Win32.ActiveCfg = Release|Win32
		{1FD15191-1EC0-49D1-9942-04D943782738}.Release|Win32.Build.0 = Release|Win32
		{1FD15191-1EC0-49D1-9942-04D943782738}.Release|x64.ActiveCfg = Release|Win32
		{DC7DDA91-BC33-4A71-98B0-0BED40407D5F}.Debug|Win32.ActiveCfg = Debug|Win32
		{DC7DDA91-BC33-4A71-98B0-0BED40407D5F}.Debug|Win32.Build.0 = Debug|Win32
		{DC7DDA91-BC33-4A71-98B0-0BED40407D5F}.Debug|x64.ActiveCfg = Debug|Win32
		{DC7DDA91-BC33-4A71-98B0-0BED40407D5F}.Release|Win32.ActiveCfg = Release|Win32
		{DC7DDA91-BC33-4A71-98B0-0BED40407D5F}.Release|Win32.Build.0 = Release|Win32
		{DC7DDA91-BC33-4A71-98B0-0BED40407D5F}.Release|x64.ActiveCfg = Release|Win32
	EndGlobalSection
	GlobalSection(SolutionProperties) = preSolution
		HideSolutionNode = FALSE
	EndGlobalSection
	GlobalSection(NestedProjects) = preSolution
		{8CF16046-EBA9-4475-9CB6-D45EE84A41E1} = {E818116E-CAAD-49B6-A88E-1455750A3FDB}
		{158D9840-2273-4232-8FE6-9DAEC820E28B} = {E818116E-CAAD-49B6-A88E-1455750A3FDB}
		{C43105BF-2A74-47D2-B39F-06D1E6051CAF} = {E818116E-CAAD-49B6-A88E-1455750A3FDB}
		{4025A85E-C6A0-4A4F-86EF-E8CA9F288455} = {E818116E-CAAD-49B6-A88E-1455750A3FDB}
		{DC7DDA91-BC33-4A71-98B0-0BED40407D5F} = {E818116E-CAAD-49B6-A88E-1455750A3FDB}
	EndGlobalSection
EndGlobal
